
Microsoft Visual Studio Solution File, Format Version 12.00
# Visual Studio Version 17
VisualStudioVersion = 17.4.33122.133
MinimumVisualStudioVersion = 10.0.40219.1
Project("{9A19103F-16F7-4668-BE54-9A1E7A4F7556}") = "M320_SmartHome", "M320_SmartHome\M320_SmartHome.csproj", "{315FFFC3-D1D6-45C2-AC82-1D2C113F41EF}"
EndProject
Project("{FAE04EC0-301F-11D3-BF4B-00C04F79EFBC}") = "M320_SmartHome.Test", "M320_SmartHome.Test\M320_SmartHome.Test.csproj", "{69F1DF7B-3944-4F72-AAC0-8F931C0D058F}"
EndProject
Global
	GlobalSection(SolutionConfigurationPlatforms) = preSolution
		Debug|Any CPU = Debug|Any CPU
		Release|Any CPU = Release|Any CPU
	EndGlobalSection
	GlobalSection(ProjectConfigurationPlatforms) = postSolution
		{315FFFC3-D1D6-45C2-AC82-1D2C113F41EF}.Debug|Any CPU.ActiveCfg = Debug|Any CPU
		{315FFFC3-D1D6-45C2-AC82-1D2C113F41EF}.Debug|Any CPU.Build.0 = Debug|Any CPU
		{315FFFC3-D1D6-45C2-AC82-1D2C113F41EF}.Release|Any CPU.ActiveCfg = Release|Any CPU
		{315FFFC3-D1D6-45C2-AC82-1D2C113F41EF}.Release|Any CPU.Build.0 = Release|Any CPU
		{69F1DF7B-3944-4F72-AAC0-8F931C0D058F}.Debug|Any CPU.ActiveCfg = Debug|Any CPU
		{69F1DF7B-3944-4F72-AAC0-8F931C0D058F}.Debug|Any CPU.Build.0 = Debug|Any CPU
		{69F1DF7B-3944-4F72-AAC0-8F931C0D058F}.Release|Any CPU.ActiveCfg = Release|Any CPU
		{69F1DF7B-3944-4F72-AAC0-8F931C0D058F}.Release|Any CPU.Build.0 = Release|Any CPU
	EndGlobalSection
	GlobalSection(SolutionProperties) = preSolution
		HideSolutionNode = FALSE
	EndGlobalSection
	GlobalSection(ExtensibilityGlobals) = postSolution
		SolutionGuid = {0BF3F31B-5D23-4444-AD9C-10E0BA8ED93C}
	EndGlobalSection
EndGlobal
